{
    "name": "helloworld",
    "version": "1.0.0",
    "lockfileVersion": 1,
    "requires": true,
    "dependencies": {
        "cordova-plugin-filepath": {
            "version": "1.4.2",
            "resolved": "https://registry.npmjs.org/cordova-plugin-filepath/-/cordova-plugin-filepath-1.4.2.tgz",
            "integrity": "sha512-6AKL6dIUkY+iOYesP+3/9LC1cxIilDIo0Hdu4tdDNM/ELIxrmxKywTqGy4x76Fv/LIl6l7g8R2tgCbBXTaBvMw=="
        }
    }
}
